
Microsoft Visual Studio Solution File, Format Version 12.00
# Visual Studio Version 16
VisualStudioVersion = 16.0.30503.244
MinimumVisualStudioVersion = 10.0.40219.1
Project("{FAE04EC0-301F-11D3-BF4B-00C04F79EFBC}") = "Atma", "Atma\Atma.csproj", "{6E846B25-4F91-404C-8906-7FBBF90D2C76}"
EndProject
Project("{FAE04EC0-301F-11D3-BF4B-00C04F79EFBC}") = "ClassesForServerClent", "ClassesForServerClent\ClassesForServerClent.csproj", "{73DDC782-085C-4EDD-9806-EDA79C737CF4}"
EndProject
Global
	GlobalSection(SolutionConfigurationPlatforms) = preSolution
		Debug|Any CPU = Debug|Any CPU
		Release|Any CPU = Release|Any CPU
	EndGlobalSection
	GlobalSection(ProjectConfigurationPlatforms) = postSolution
		{6E846B25-4F91-404C-8906-7FBBF90D2C76}.Debug|Any CPU.ActiveCfg = Debug|Any CPU
		{6E846B25-4F91-404C-8906-7FBBF90D2C76}.Debug|Any CPU.Build.0 = Debug|Any CPU
		{6E846B25-4F91-404C-8906-7FBBF90D2C76}.Release|Any CPU.ActiveCfg = Release|Any CPU
		{6E846B25-4F91-404C-8906-7FBBF90D2C76}.Release|Any CPU.Build.0 = Release|Any CPU
		{73DDC782-085C-4EDD-9806-EDA79C737CF4}.Debug|Any CPU.ActiveCfg = Debug|Any CPU
		{73DDC782-085C-4EDD-9806-EDA79C737CF4}.Debug|Any CPU.Build.0 = Debug|Any CPU
		{73DDC782-085C-4EDD-9806-EDA79C737CF4}.Release|Any CPU.ActiveCfg = Release|Any CPU
		{73DDC782-085C-4EDD-9806-EDA79C737CF4}.Release|Any CPU.Build.0 = Release|Any CPU
	EndGlobalSection
	GlobalSection(SolutionProperties) = preSolution
		HideSolutionNode = FALSE
	EndGlobalSection
	GlobalSection(ExtensibilityGlobals) = postSolution
		SolutionGuid = {1F3C38BA-8098-42EF-AE9F-C5D67B89D9D0}
	EndGlobalSection
EndGlobal
