
Microsoft Visual Studio Solution File, Format Version 12.00
# Visual Studio Version 16
VisualStudioVersion = 16.0.30503.244
MinimumVisualStudioVersion = 10.0.40219.1
Project("{FAE04EC0-301F-11D3-BF4B-00C04F79EFBC}") = "ServerChat", "ServerChat\ServerChat.csproj", "{E6002444-0112-45DF-8B56-AAFAB376F5CE}"
EndProject
Project("{FAE04EC0-301F-11D3-BF4B-00C04F79EFBC}") = "ClientChat", "ClientChat\ClientChat.csproj", "{BD707DDB-E7E7-4D32-8B68-31EF302BC0EB}"
EndProject
Global
	GlobalSection(SolutionConfigurationPlatforms) = preSolution
		Debug|Any CPU = Debug|Any CPU
		Release|Any CPU = Release|Any CPU
	EndGlobalSection
	GlobalSection(ProjectConfigurationPlatforms) = postSolution
		{E6002444-0112-45DF-8B56-AAFAB376F5CE}.Debug|Any CPU.ActiveCfg = Debug|Any CPU
		{E6002444-0112-45DF-8B56-AAFAB376F5CE}.Debug|Any CPU.Build.0 = Debug|Any CPU
		{E6002444-0112-45DF-8B56-AAFAB376F5CE}.Release|Any CPU.ActiveCfg = Release|Any CPU
		{E6002444-0112-45DF-8B56-AAFAB376F5CE}.Release|Any CPU.Build.0 = Release|Any CPU
		{BD707DDB-E7E7-4D32-8B68-31EF302BC0EB}.Debug|Any CPU.ActiveCfg = Debug|Any CPU
		{BD707DDB-E7E7-4D32-8B68-31EF302BC0EB}.Debug|Any CPU.Build.0 = Debug|Any CPU
		{BD707DDB-E7E7-4D32-8B68-31EF302BC0EB}.Release|Any CPU.ActiveCfg = Release|Any CPU
		{BD707DDB-E7E7-4D32-8B68-31EF302BC0EB}.Release|Any CPU.Build.0 = Release|Any CPU
	EndGlobalSection
	GlobalSection(SolutionProperties) = preSolution
		HideSolutionNode = FALSE
	EndGlobalSection
	GlobalSection(ExtensibilityGlobals) = postSolution
		SolutionGuid = {4D078566-A179-4DE8-B674-2814B09F9100}
	EndGlobalSection
EndGlobal
